// !$*UTF8*$!
{
	archiveVersion = 1;
	classes = {
	};
	objectVersion = 50;
	objects = {

/* Begin PBXBuildFile section */
		37F1B93F26C40CA600A82945 /* AppDelegate.swift in Sources */ = {isa = PBXBuildFile; fileRef = 37F1B93E26C40CA600A82945 /* AppDelegate.swift */; };
		37F1B94126C40CA600A82945 /* art.scnassets in Resources */ = {isa = PBXBuildFile; fileRef = 37F1B94026C40CA600A82945 /* art.scnassets */; };
		37F1B94326C40CA600A82945 /* ViewController.swift in Sources */ = {isa = PBXBuildFile; fileRef = 37F1B94226C40CA600A82945 /* ViewController.swift */; };
		37F1B94626C40CA600A82945 /* Main.storyboard in Resources */ = {isa = PBXBuildFile; fileRef = 37F1B94426C40CA600A82945 /* Main.storyboard */; };
		37F1B94826C40CA700A82945 /* Assets.xcassets in Resources */ = {isa = PBXBuildFile; fileRef = 37F1B94726C40CA700A82945 /* Assets.xcassets */; };
		37F1B94B26C40CA700A82945 /* LaunchScreen.storyboard in Resources */ = {isa = PBXBuildFile; fileRef = 37F1B94926C40CA700A82945 /* LaunchScreen.storyboard */; };
		37F1B95626C40CA700A82945 /* Poke_3DTests.swift in Sources */ = {isa = PBXBuildFile; fileRef = 37F1B95526C40CA700A82945 /* Poke_3DTests.swift */; };
		37F1B96126C40CA800A82945 /* Poke_3DUITests.swift in Sources */ = {isa = PBXBuildFile; fileRef = 37F1B96026C40CA800A82945 /* Poke_3DUITests.swift */; };
/* End PBXBuildFile section */

/* Begin PBXContainerItemProxy section */
		37F1B95226C40CA700A82945 /* PBXContainerItemProxy */ = {
			isa = PBXContainerItemProxy;
			containerPortal = 37F1B93326C40CA600A82945 /* Project object */;
			proxyType = 1;
			remoteGlobalIDString = 37F1B93A26C40CA600A82945;
			remoteInfo = "Poke 3D";
		};
		37F1B95D26C40CA700A82945 /* PBXContainerItemProxy */ = {
			isa = PBXContainerItemProxy;
			containerPortal = 37F1B93326C40CA600A82945 /* Project object */;
			proxyType = 1;
			remoteGlobalIDString = 37F1B93A26C40CA600A82945;
			remoteInfo = "Poke 3D";
		};
/* End PBXContainerItemProxy section */

/* Begin PBXFileReference section */
		37F1B93B26C40CA600A82945 /* Poke 3D.app */ = {isa = PBXFileReference; explicitFileType = wrapper.application; includeInIndex = 0; path = "Poke 3D.app"; sourceTree = BUILT_PRODUCTS_DIR; };
		37F1B93E26C40CA600A82945 /* AppDelegate.swift */ = {isa = PBXFileReference; lastKnownFileType = sourcecode.swift; path = AppDelegate.swift; sourceTree = "<group>"; };
		37F1B94026C40CA600A82945 /* art.scnassets */ = {isa = PBXFileReference; lastKnownFileType = wrapper.scnassets; path = art.scnassets; sourceTree = "<group>"; };
		37F1B94226C40CA600A82945 /* ViewController.swift */ = {isa = PBXFileReference; lastKnownFileType = sourcecode.swift; path = ViewController.swift; sourceTree = "<group>"; };
		37F1B94526C40CA600A82945 /* Base */ = {isa = PBXFileReference; lastKnownFileType = file.storyboard; name = Base; path = Base.lproj/Main.storyboard; sourceTree = "<group>"; };
		37F1B94726C40CA700A82945 /* Assets.xcassets */ = {isa = PBXFileReference; lastKnownFileType = folder.assetcatalog; path = Assets.xcassets; sourceTree = "<group>"; };
		37F1B94A26C40CA700A82945 /* Base */ = {isa = PBXFileReference; lastKnownFileType = file.storyboard; name = Base; path = Base.lproj/LaunchScreen.storyboard; sourceTree = "<group>"; };
		37F1B94C26C40CA700A82945 /* Info.plist */ = {isa = PBXFileReference; lastKnownFileType = text.plist.xml; path = Info.plist; sourceTree = "<group>"; };
		37F1B95126C40CA700A82945 /* Poke 3DTests.xctest */ = {isa = PBXFileReference; explicitFileType = wrapper.cfbundle; includeInIndex = 0; path = "Poke 3DTests.xctest"; sourceTree = BUILT_PRODUCTS_DIR; };
		37F1B95526C40CA700A82945 /* Poke_3DTests.swift */ = {isa = PBXFileReference; lastKnownFileType = sourcecode.swift; path = Poke_3DTests.swift; sourceTree = "<group>"; };
		37F1B95726C40CA700A82945 /* Info.plist */ = {isa = PBXFileReference; lastKnownFileType = text.plist.xml; path = Info.plist; sourceTree = "<group>"; };
		37F1B95C26C40CA700A82945 /* Poke 3DUITests.xctest */ = {isa = PBXFileReference; explicitFileType = wrapper.cfbundle; includeInIndex = 0; path = "Poke 3DUITests.xctest"; sourceTree = BUILT_PRODUCTS_DIR; };
		37F1B96026C40CA800A82945 /* Poke_3DUITests.swift */ = {isa = PBXFileReference; lastKnownFileType = sourcecode.swift; path = Poke_3DUITests.swift; sourceTree = "<group>"; };
		37F1B96226C40CA800A82945 /* Info.plist */ = {isa = PBXFileReference; lastKnownFileType = text.plist.xml; path = Info.plist; sourceTree = "<group>"; };
/* End PBXFileReference section */

/* Begin PBXFrameworksBuildPhase section */
		37F1B93826C40CA600A82945 /* Frameworks */ = {
			isa = PBXFrameworksBuildPhase;
			buildActionMask = 2147483647;
			files = (
			);
			runOnlyForDeploymentPostprocessing = 0;
		};
		37F1B94E26C40CA700A82945 /* Frameworks */ = {
			isa = PBXFrameworksBuildPhase;
			buildActionMask = 2147483647;
			files = (
			);
			runOnlyForDeploymentPostprocessing = 0;
		};
		37F1B95926C40CA700A82945 /* Frameworks */ = {
			isa = PBXFrameworksBuildPhase;
			buildActionMask = 2147483647;
			files = (
			);
			runOnlyForDeploymentPostprocessing = 0;
		};
/* End PBXFrameworksBuildPhase section */

/* Begin PBXGroup section */
		37F1B93226C40CA600A82945 = {
			isa = PBXGroup;
			children = (
				37F1B93D26C40CA600A82945 /* Poke 3D */,
				37F1B95426C40CA700A82945 /* Poke 3DTests */,
				37F1B95F26C40CA800A82945 /* Poke 3DUITests */,
				37F1B93C26C40CA600A82945 /* Products */,
			);
			sourceTree = "<group>";
		};
		37F1B93C26C40CA600A82945 /* Products */ = {
			isa = PBXGroup;
			children = (
				37F1B93B26C40CA600A82945 /* Poke 3D.app */,
				37F1B95126C40CA700A82945 /* Poke 3DTests.xctest */,
				37F1B95C26C40CA700A82945 /* Poke 3DUITests.xctest */,
			);
			name = Products;
			sourceTree = "<group>";
		};
		37F1B93D26C40CA600A82945 /* Poke 3D */ = {
			isa = PBXGroup;
			children = (
				37F1B93E26C40CA600A82945 /* AppDelegate.swift */,
				37F1B94026C40CA600A82945 /* art.scnassets */,
				37F1B94226C40CA600A82945 /* ViewController.swift */,
				37F1B94426C40CA600A82945 /* Main.storyboard */,
				37F1B94726C40CA700A82945 /* Assets.xcassets */,
				37F1B94926C40CA700A82945 /* LaunchScreen.storyboard */,
				37F1B94C26C40CA700A82945 /* Info.plist */,
			);
			path = "Poke 3D";
			sourceTree = "<group>";
		};
		37F1B95426C40CA700A82945 /* Poke 3DTests */ = {
			isa = PBXGroup;
			children = (
				37F1B95526C40CA700A82945 /* Poke_3DTests.swift */,
				37F1B95726C40CA700A82945 /* Info.plist */,
			);
			path = "Poke 3DTests";
			sourceTree = "<group>";
		};
		37F1B95F26C40CA800A82945 /* Poke 3DUITests */ = {
			isa = PBXGroup;
			children = (
				37F1B96026C40CA800A82945 /* Poke_3DUITests.swift */,
				37F1B96226C40CA800A82945 /* Info.plist */,
			);
			path = "Poke 3DUITests";
			sourceTree = "<group>";
		};
/* End PBXGroup section */

/* Begin PBXNativeTarget section */
		37F1B93A26C40CA600A82945 /* Poke 3D */ = {
			isa = PBXNativeTarget;
			buildConfigurationList = 37F1B96526C40CA800A82945 /* Build configuration list for PBXNativeTarget "Poke 3D" */;
			buildPhases = (
				37F1B93726C40CA600A82945 /* Sources */,
				37F1B93826C40CA600A82945 /* Frameworks */,
				37F1B93926C40CA600A82945 /* Resources */,
			);
			buildRules = (
			);
			dependencies = (
			);
			name = "Poke 3D";
			productName = "Poke 3D";
			productReference = 37F1B93B26C40CA600A82945 /* Poke 3D.app */;
			productType = "com.apple.product-type.application";
		};
		37F1B95026C40CA700A82945 /* Poke 3DTests */ = {
			isa = PBXNativeTarget;
			buildConfigurationList = 37F1B96826C40CA800A82945 /* Build configuration list for PBXNativeTarget "Poke 3DTests" */;
			buildPhases = (
				37F1B94D26C40CA700A82945 /* Sources */,
				37F1B94E26C40CA700A82945 /* Frameworks */,
				37F1B94F26C40CA700A82945 /* Resources */,
			);
			buildRules = (
			);
			dependencies = (
				37F1B95326C40CA700A82945 /* PBXTargetDependency */,
			);
			name = "Poke 3DTests";
			productName = "Poke 3DTests";
			productReference = 37F1B95126C40CA700A82945 /* Poke 3DTests.xctest */;
			productType = "com.apple.product-type.bundle.unit-test";
		};
		37F1B95B26C40CA700A82945 /* Poke 3DUITests */ = {
			isa = PBXNativeTarget;
			buildConfigurationList = 37F1B96B26C40CA800A82945 /* Build configuration list for PBXNativeTarget "Poke 3DUITests" */;
			buildPhases = (
				37F1B95826C40CA700A82945 /* Sources */,
				37F1B95926C40CA700A82945 /* Frameworks */,
				37F1B95A26C40CA700A82945 /* Resources */,
			);
			buildRules = (
			);
			dependencies = (
				37F1B95E26C40CA700A82945 /* PBXTargetDependency */,
			);
			name = "Poke 3DUITests";
			productName = "Poke 3DUITests";
			productReference = 37F1B95C26C40CA700A82945 /* Poke 3DUITests.xctest */;
			productType = "com.apple.product-type.bundle.ui-testing";
		};
/* End PBXNativeTarget section */

/* Begin PBXProject section */
		37F1B93326C40CA600A82945 /* Project object */ = {
			isa = PBXProject;
			attributes = {
				LastSwiftUpdateCheck = 1250;
				LastUpgradeCheck = 1250;
				TargetAttributes = {
					37F1B93A26C40CA600A82945 = {
						CreatedOnToolsVersion = 12.5.1;
					};
					37F1B95026C40CA700A82945 = {
						CreatedOnToolsVersion = 12.5.1;
						TestTargetID = 37F1B93A26C40CA600A82945;
					};
					37F1B95B26C40CA700A82945 = {
						CreatedOnToolsVersion = 12.5.1;
						TestTargetID = 37F1B93A26C40CA600A82945;
					};
				};
			};
			buildConfigurationList = 37F1B93626C40CA600A82945 /* Build configuration list for PBXProject "Poke 3D" */;
			compatibilityVersion = "Xcode 9.3";
			developmentRegion = en;
			hasScannedForEncodings = 0;
			knownRegions = (
				en,
				Base,
			);
			mainGroup = 37F1B93226C40CA600A82945;
			productRefGroup = 37F1B93C26C40CA600A82945 /* Products */;
			projectDirPath = "";
			projectRoot = "";
			targets = (
				37F1B93A26C40CA600A82945 /* Poke 3D */,
				37F1B95026C40CA700A82945 /* Poke 3DTests */,
				37F1B95B26C40CA700A82945 /* Poke 3DUITests */,
			);
		};
/* End PBXProject section */

/* Begin PBXResourcesBuildPhase section */
		37F1B93926C40CA600A82945 /* Resources */ = {
			isa = PBXResourcesBuildPhase;
			buildActionMask = 2147483647;
			files = (
				37F1B94126C40CA600A82945 /* art.scnassets in Resources */,
				37F1B94B26C40CA700A82945 /* LaunchScreen.storyboard in Resources */,
				37F1B94826C40CA700A82945 /* Assets.xcassets in Resources */,
				37F1B94626C40CA600A82945 /* Main.storyboard in Resources */,
			);
			runOnlyForDeploymentPostprocessing = 0;
		};
		37F1B94F26C40CA700A82945 /* Resources */ = {
			isa = PBXResourcesBuildPhase;
			buildActionMask = 2147483647;
			files = (
			);
			runOnlyForDeploymentPostprocessing = 0;
		};
		37F1B95A26C40CA700A82945 /* Resources */ = {
			isa = PBXResourcesBuildPhase;
			buildActionMask = 2147483647;
			files = (
			);
			runOnlyForDeploymentPostprocessing = 0;
		};
/* End PBXResourcesBuildPhase section */

/* Begin PBXSourcesBuildPhase section */
		37F1B93726C40CA600A82945 /* Sources */ = {
			isa = PBXSourcesBuildPhase;
			buildActionMask = 2147483647;
			files = (
				37F1B94326C40CA600A82945 /* ViewController.swift in Sources */,
				37F1B93F26C40CA600A82945 /* AppDelegate.swift in Sources */,
			);
			runOnlyForDeploymentPostprocessing = 0;
		};
		37F1B94D26C40CA700A82945 /* Sources */ = {
			isa = PBXSourcesBuildPhase;
			buildActionMask = 2147483647;
			files = (
				37F1B95626C40CA700A82945 /* Poke_3DTests.swift in Sources */,
			);
			runOnlyForDeploymentPostprocessing = 0;
		};
		37F1B95826C40CA700A82945 /* Sources */ = {
			isa = PBXSourcesBuildPhase;
			buildActionMask = 2147483647;
			files = (
				37F1B96126C40CA800A82945 /* Poke_3DUITests.swift in Sources */,
			);
			runOnlyForDeploymentPostprocessing = 0;
		};
/* End PBXSourcesBuildPhase section */

/* Begin PBXTargetDependency section */
		37F1B95326C40CA700A82945 /* PBXTargetDependency */ = {
			isa = PBXTargetDependency;
			target = 37F1B93A26C40CA600A82945 /* Poke 3D */;
			targetProxy = 37F1B95226C40CA700A82945 /* PBXContainerItemProxy */;
		};
		37F1B95E26C40CA700A82945 /* PBXTargetDependency */ = {
			isa = PBXTargetDependency;
			target = 37F1B93A26C40CA600A82945 /* Poke 3D */;
			targetProxy = 37F1B95D26C40CA700A82945 /* PBXContainerItemProxy */;
		};
/* End PBXTargetDependency section */

/* Begin PBXVariantGroup section */
		37F1B94426C40CA600A82945 /* Main.storyboard */ = {
			isa = PBXVariantGroup;
			children = (
				37F1B94526C40CA600A82945 /* Base */,
			);
			name = Main.storyboard;
			sourceTree = "<group>";
		};
		37F1B94926C40CA700A82945 /* LaunchScreen.storyboard */ = {
			isa = PBXVariantGroup;
			children = (
				37F1B94A26C40CA700A82945 /* Base */,
			);
			name = LaunchScreen.storyboard;
			sourceTree = "<group>";
		};
/* End PBXVariantGroup section */

/* Begin XCBuildConfiguration section */
		37F1B96326C40CA800A82945 /* Debug */ = {
			isa = XCBuildConfiguration;
			buildSettings = {
				ALWAYS_SEARCH_USER_PATHS = NO;
				CLANG_ANALYZER_NONNULL = YES;
				CLANG_ANALYZER_NUMBER_OBJECT_CONVERSION = YES_AGGRESSIVE;
				CLANG_CXX_LANGUAGE_STANDARD = "gnu++14";
				CLANG_CXX_LIBRARY = "libc++";
				CLANG_ENABLE_MODULES = YES;
				CLANG_ENABLE_OBJC_ARC = YES;
				CLANG_ENABLE_OBJC_WEAK = YES;
				CLANG_WARN_BLOCK_CAPTURE_AUTORELEASING = YES;
				CLANG_WARN_BOOL_CONVERSION = YES;
				CLANG_WARN_COMMA = YES;
				CLANG_WARN_CONSTANT_CONVERSION = YES;
				CLANG_WARN_DEPRECATED_OBJC_IMPLEMENTATIONS = YES;
				CLANG_WARN_DIRECT_OBJC_ISA_USAGE = YES_ERROR;
				CLANG_WARN_DOCUMENTATION_COMMENTS = YES;
				CLANG_WARN_EMPTY_BODY = YES;
				CLANG_WARN_ENUM_CONVERSION = YES;
				CLANG_WARN_INFINITE_RECURSION = YES;
				CLANG_WARN_INT_CONVERSION = YES;
				CLANG_WARN_NON_LITERAL_NULL_CONVERSION = YES;
				CLANG_WARN_OBJC_IMPLICIT_RETAIN_SELF = YES;
				CLANG_WARN_OBJC_LITERAL_CONVERSION = YES;
				CLANG_WARN_OBJC_ROOT_CLASS = YES_ERROR;
				CLANG_WARN_QUOTED_INCLUDE_IN_FRAMEWORK_HEADER = YES;
				CLANG_WARN_RANGE_LOOP_ANALYSIS = YES;
				CLANG_WARN_STRICT_PROTOTYPES = YES;
				CLANG_WARN_SUSPICIOUS_MOVE = YES;
				CLANG_WARN_UNGUARDED_AVAILABILITY = YES_AGGRESSIVE;
				CLANG_WARN_UNREACHABLE_CODE = YES;
				CLANG_WARN__DUPLICATE_METHOD_MATCH = YES;
				COPY_PHASE_STRIP = NO;
				DEBUG_INFORMATION_FORMAT = dwarf;
				ENABLE_STRICT_OBJC_MSGSEND = YES;
				ENABLE_TESTABILITY = YES;
				GCC_C_LANGUAGE_STANDARD = gnu11;
				GCC_DYNAMIC_NO_PIC = NO;
				GCC_NO_COMMON_BLOCKS = YES;
				GCC_OPTIMIZATION_LEVEL = 0;
				GCC_PREPROCESSOR_DEFINITIONS = (
					"DEBUG=1",
					"$(inherited)",
				);
				GCC_WARN_64_TO_32_BIT_CONVERSION = YES;
				GCC_WARN_ABOUT_RETURN_TYPE = YES_ERROR;
				GCC_WARN_UNDECLARED_SELECTOR = YES;
				GCC_WARN_UNINITIALIZED_AUTOS = YES_AGGRESSIVE;
				GCC_WARN_UNUSED_FUNCTION = YES;
				GCC_WARN_UNUSED_VARIABLE = YES;
				IPHONEOS_DEPLOYMENT_TARGET = 14.5;
				MTL_ENABLE_DEBUG_INFO = INCLUDE_SOURCE;
				MTL_FAST_MATH = YES;
				ONLY_ACTIVE_ARCH = YES;
				SDKROOT = iphoneos;
				SWIFT_ACTIVE_COMPILATION_CONDITIONS = DEBUG;
				SWIFT_OPTIMIZATION_LEVEL = "-Onone";
			};
			name = Debug;
		};
		37F1B96426C40CA800A82945 /* Release */ = {
			isa = XCBuildConfiguration;
			buildSettings = {
				ALWAYS_SEARCH_USER_PATHS = NO;
				CLANG_ANALYZER_NONNULL = YES;
				CLANG_ANALYZER_NUMBER_OBJECT_CONVERSION = YES_AGGRESSIVE;
				CLANG_CXX_LANGUAGE_STANDARD = "gnu++14";
				CLANG_CXX_LIBRARY = "libc++";
				CLANG_ENABLE_MODULES = YES;
				CLANG_ENABLE_OBJC_ARC = YES;
				CLANG_ENABLE_OBJC_WEAK = YES;
				CLANG_WARN_BLOCK_CAPTURE_AUTORELEASING = YES;
				CLANG_WARN_BOOL_CONVERSION = YES;
				CLANG_WARN_COMMA = YES;
				CLANG_WARN_CONSTANT_CONVERSION = YES;
				CLANG_WARN_DEPRECATED_OBJC_IMPLEMENTATIONS = YES;
				CLANG_WARN_DIRECT_OBJC_ISA_USAGE = YES_ERROR;
				CLANG_WARN_DOCUMENTATION_COMMENTS = YES;
				CLANG_WARN_EMPTY_BODY = YES;
				CLANG_WARN_ENUM_CONVERSION = YES;
				CLANG_WARN_INFINITE_RECURSION = YES;
				CLANG_WARN_INT_CONVERSION = YES;
				CLANG_WARN_NON_LITERAL_NULL_CONVERSION = YES;
				CLANG_WARN_OBJC_IMPLICIT_RETAIN_SELF = YES;
				CLANG_WARN_OBJC_LITERAL_CONVERSION = YES;
				CLANG_WARN_OBJC_ROOT_CLASS = YES_ERROR;
				CLANG_WARN_QUOTED_INCLUDE_IN_FRAMEWORK_HEADER = YES;
				CLANG_WARN_RANGE_LOOP_ANALYSIS = YES;
				CLANG_WARN_STRICT_PROTOTYPES = YES;
				CLANG_WARN_SUSPICIOUS_MOVE = YES;
				CLANG_WARN_UNGUARDED_AVAILABILITY = YES_AGGRESSIVE;
				CLANG_WARN_UNREACHABLE_CODE = YES;
				CLANG_WARN__DUPLICATE_METHOD_MATCH = YES;
				COPY_PHASE_STRIP = NO;
				DEBUG_INFORMATION_FORMAT = "dwarf-with-dsym";
				ENABLE_NS_ASSERTIONS = NO;
				ENABLE_STRICT_OBJC_MSGSEND = YES;
				GCC_C_LANGUAGE_STANDARD = gnu11;
				GCC_NO_COMMON_BLOCKS = YES;
				GCC_WARN_64_TO_32_BIT_CONVERSION = YES;
				GCC_WARN_ABOUT_RETURN_TYPE = YES_ERROR;
				GCC_WARN_UNDECLARED_SELECTOR = YES;
				GCC_WARN_UNINITIALIZED_AUTOS = YES_AGGRESSIVE;
				GCC_WARN_UNUSED_FUNCTION = YES;
				GCC_WARN_UNUSED_VARIABLE = YES;
				IPHONEOS_DEPLOYMENT_TARGET = 14.5;
				MTL_ENABLE_DEBUG_INFO = NO;
				MTL_FAST_MATH = YES;
				SDKROOT = iphoneos;
				SWIFT_COMPILATION_MODE = wholemodule;
				SWIFT_OPTIMIZATION_LEVEL = "-O";
				VALIDATE_PRODUCT = YES;
			};
			name = Release;
		};
		37F1B96626C40CA800A82945 /* Debug */ = {
			isa = XCBuildConfiguration;
			buildSettings = {
				ASSETCATALOG_COMPILER_APPICON_NAME = AppIcon;
				ASSETCATALOG_COMPILER_GLOBAL_ACCENT_COLOR_NAME = AccentColor;
				CODE_SIGN_STYLE = Automatic;
				DEVELOPMENT_TEAM = M82FLD6C75;
				INFOPLIST_FILE = "Poke 3D/Info.plist";
				LD_RUNPATH_SEARCH_PATHS = (
					"$(inherited)",
					"@executable_path/Frameworks",
				);
				PRODUCT_BUNDLE_IDENTIFIER = "net.shotaroooe.Poke-3D";
				PRODUCT_NAME = "$(TARGET_NAME)";
				SWIFT_VERSION = 5.0;
				TARGETED_DEVICE_FAMILY = "1,2";
			};
			name = Debug;
		};
		37F1B96726C40CA800A82945 /* Release */ = {
			isa = XCBuildConfiguration;
			buildSettings = {
				ASSETCATALOG_COMPILER_APPICON_NAME = AppIcon;
				ASSETCATALOG_COMPILER_GLOBAL_ACCENT_COLOR_NAME = AccentColor;
				CODE_SIGN_STYLE = Automatic;
				DEVELOPMENT_TEAM = M82FLD6C75;
				INFOPLIST_FILE = "Poke 3D/Info.plist";
				LD_RUNPATH_SEARCH_PATHS = (
					"$(inherited)",
					"@executable_path/Frameworks",
				);
				PRODUCT_BUNDLE_IDENTIFIER = "net.shotaroooe.Poke-3D";
				PRODUCT_NAME = "$(TARGET_NAME)";
				SWIFT_VERSION = 5.0;
				TARGETED_DEVICE_FAMILY = "1,2";
			};
			name = Release;
		};
		37F1B96926C40CA800A82945 /* Debug */ = {
			isa = XCBuildConfiguration;
			buildSettings = {
				ALWAYS_EMBED_SWIFT_STANDARD_LIBRARIES = YES;
				BUNDLE_LOADER = "$(TEST_HOST)";
				CODE_SIGN_STYLE = Automatic;
				DEVELOPMENT_TEAM = M82FLD6C75;
				INFOPLIST_FILE = "Poke 3DTests/Info.plist";
				IPHONEOS_DEPLOYMENT_TARGET = 14.5;
				LD_RUNPATH_SEARCH_PATHS = (
					"$(inherited)",
					"@executable_path/Frameworks",
					"@loader_path/Frameworks",
				);
				PRODUCT_BUNDLE_IDENTIFIER = "net.shotaroooe.Poke-3DTests";
				PRODUCT_NAME = "$(TARGET_NAME)";
				SWIFT_VERSION = 5.0;
				TARGETED_DEVICE_FAMILY = "1,2";
				TEST_HOST = "$(BUILT_PRODUCTS_DIR)/Poke 3D.app/Poke 3D";
			};
			name = Debug;
		};
		37F1B96A26C40CA800A82945 /* Release */ = {
			isa = XCBuildConfiguration;
			buildSettings = {
				ALWAYS_EMBED_SWIFT_STANDARD_LIBRARIES = YES;
				BUNDLE_LOADER = "$(TEST_HOST)";
				CODE_SIGN_STYLE = Automatic;
				DEVELOPMENT_TEAM = M82FLD6C75;
				INFOPLIST_FILE = "Poke 3DTests/Info.plist";
				IPHONEOS_DEPLOYMENT_TARGET = 14.5;
				LD_RUNPATH_SEARCH_PATHS = (
					"$(inherited)",
					"@executable_path/Frameworks",
					"@loader_path/Frameworks",
				);
				PRODUCT_BUNDLE_IDENTIFIER = "net.shotaroooe.Poke-3DTests";
				PRODUCT_NAME = "$(TARGET_NAME)";
				SWIFT_VERSION = 5.0;
				TARGETED_DEVICE_FAMILY = "1,2";
				TEST_HOST = "$(BUILT_PRODUCTS_DIR)/Poke 3D.app/Poke 3D";
			};
			name = Release;
		};
		37F1B96C26C40CA800A82945 /* Debug */ = {
			isa = XCBuildConfiguration;
			buildSettings = {
				ALWAYS_EMBED_SWIFT_STANDARD_LIBRARIES = YES;
				CODE_SIGN_STYLE = Automatic;
				DEVELOPMENT_TEAM = M82FLD6C75;
				INFOPLIST_FILE = "Poke 3DUITests/Info.plist";
				LD_RUNPATH_SEARCH_PATHS = (
					"$(inherited)",
					"@executable_path/Frameworks",
					"@loader_path/Frameworks",
				);
				PRODUCT_BUNDLE_IDENTIFIER = "net.shotaroooe.Poke-3DUITests";
				PRODUCT_NAME = "$(TARGET_NAME)";
				SWIFT_VERSION = 5.0;
				TARGETED_DEVICE_FAMILY = "1,2";
				TEST_TARGET_NAME = "Poke 3D";
			};
			name = Debug;
		};
		37F1B96D26C40CA800A82945 /* Release */ = {
			isa = XCBuildConfiguration;
			buildSettings = {
				ALWAYS_EMBED_SWIFT_STANDARD_LIBRARIES = YES;
				CODE_SIGN_STYLE = Automatic;
				DEVELOPMENT_TEAM = M82FLD6C75;
				INFOPLIST_FILE = "Poke 3DUITests/Info.plist";
				LD_RUNPATH_SEARCH_PATHS = (
					"$(inherited)",
					"@executable_path/Frameworks",
					"@loader_path/Frameworks",
				);
				PRODUCT_BUNDLE_IDENTIFIER = "net.shotaroooe.Poke-3DUITests";
				PRODUCT_NAME = "$(TARGET_NAME)";
				SWIFT_VERSION = 5.0;
				TARGETED_DEVICE_FAMILY = "1,2";
				TEST_TARGET_NAME = "Poke 3D";
			};
			name = Release;
		};
/* End XCBuildConfiguration section */

/* Begin XCConfigurationList section */
		37F1B93626C40CA600A82945 /* Build configuration list for PBXProject "Poke 3D" */ = {
			isa = XCConfigurationList;
			buildConfigurations = (
				37F1B96326C40CA800A82945 /* Debug */,
				37F1B96426C40CA800A82945 /* Release */,
			);
			defaultConfigurationIsVisible = 0;
			defaultConfigurationName = Release;
		};
		37F1B96526C40CA800A82945 /* Build configuration list for PBXNativeTarget "Poke 3D" */ = {
			isa = XCConfigurationList;
			buildConfigurations = (
				37F1B96626C40CA800A82945 /* Debug */,
				37F1B96726C40CA800A82945 /* Release */,
			);
			defaultConfigurationIsVisible = 0;
			defaultConfigurationName = Release;
		};
		37F1B96826C40CA800A82945 /* Build configuration list for PBXNativeTarget "Poke 3DTests" */ = {
			isa = XCConfigurationList;
			buildConfigurations = (
				37F1B96926C40CA800A82945 /* Debug */,
				37F1B96A26C40CA800A82945 /* Release */,
			);
			defaultConfigurationIsVisible = 0;
			defaultConfigurationName = Release;
		};
		37F1B96B26C40CA800A82945 /* Build configuration list for PBXNativeTarget "Poke 3DUITests" */ = {
			isa = XCConfigurationList;
			buildConfigurations = (
				37F1B96C26C40CA800A82945 /* Debug */,
				37F1B96D26C40CA800A82945 /* Release */,
			);
			defaultConfigurationIsVisible = 0;
			defaultConfigurationName = Release;
		};
/* End XCConfigurationList section */
	};
	rootObject = 37F1B93326C40CA600A82945 /* Project object */;
}
